
Microsoft Visual Studio Solution File, Format Version 12.00
# Visual Studio Version 17
VisualStudioVersion = 17.7.34031.279
MinimumVisualStudioVersion = 10.0.40219.1
Project("{8BC9CEB8-8B4A-11D0-8D11-00A0C91BC942}") = "二维数组，类", "二维数组，类\二维数组，类.vcxproj", "{AE4F0FEB-D488-4D54-BD06-07779037EEF3}"
EndProject
Global
	GlobalSection(SolutionConfigurationPlatforms) = preSolution
		Debug|x64 = Debug|x64
		Debug|x86 = Debug|x86
		Release|x64 = Release|x64
		Release|x86 = Release|x86
	EndGlobalSection
	GlobalSection(ProjectConfigurationPlatforms) = postSolution
		{AE4F0FEB-D488-4D54-BD06-07779037EEF3}.Debug|x64.ActiveCfg = Debug|x64
		{AE4F0FEB-D488-4D54-BD06-07779037EEF3}.Debug|x64.Build.0 = Debug|x64
		{AE4F0FEB-D488-4D54-BD06-07779037EEF3}.Debug|x86.ActiveCfg = Debug|Win32
		{AE4F0FEB-D488-4D54-BD06-07779037EEF3}.Debug|x86.Build.0 = Debug|Win32
		{AE4F0FEB-D488-4D54-BD06-07779037EEF3}.Release|x64.ActiveCfg = Release|x64
		{AE4F0FEB-D488-4D54-BD06-07779037EEF3}.Release|x64.Build.0 = Release|x64
		{AE4F0FEB-D488-4D54-BD06-07779037EEF3}.Release|x86.ActiveCfg = Release|Win32
		{AE4F0FEB-D488-4D54-BD06-07779037EEF3}.Release|x86.Build.0 = Release|Win32
	EndGlobalSection
	GlobalSection(SolutionProperties) = preSolution
		HideSolutionNode = FALSE
	EndGlobalSection
	GlobalSection(ExtensibilityGlobals) = postSolution
		SolutionGuid = {AC572E17-EDFB-4E55-9E2C-CFDF67E0E1C7}
	EndGlobalSection
EndGlobal
