
Microsoft Visual Studio Solution File, Format Version 12.00
# Visual Studio Version 17
VisualStudioVersion = 17.7.34031.279
MinimumVisualStudioVersion = 10.0.40219.1
Project("{8BC9CEB8-8B4A-11D0-8D11-00A0C91BC942}") = "同名问题", "同名问题\同名问题.vcxproj", "{66145160-2BA7-4030-939D-D927FD518582}"
EndProject
Global
	GlobalSection(SolutionConfigurationPlatforms) = preSolution
		Debug|x64 = Debug|x64
		Debug|x86 = Debug|x86
		Release|x64 = Release|x64
		Release|x86 = Release|x86
	EndGlobalSection
	GlobalSection(ProjectConfigurationPlatforms) = postSolution
		{66145160-2BA7-4030-939D-D927FD518582}.Debug|x64.ActiveCfg = Debug|x64
		{66145160-2BA7-4030-939D-D927FD518582}.Debug|x64.Build.0 = Debug|x64
		{66145160-2BA7-4030-939D-D927FD518582}.Debug|x86.ActiveCfg = Debug|Win32
		{66145160-2BA7-4030-939D-D927FD518582}.Debug|x86.Build.0 = Debug|Win32
		{66145160-2BA7-4030-939D-D927FD518582}.Release|x64.ActiveCfg = Release|x64
		{66145160-2BA7-4030-939D-D927FD518582}.Release|x64.Build.0 = Release|x64
		{66145160-2BA7-4030-939D-D927FD518582}.Release|x86.ActiveCfg = Release|Win32
		{66145160-2BA7-4030-939D-D927FD518582}.Release|x86.Build.0 = Release|Win32
	EndGlobalSection
	GlobalSection(SolutionProperties) = preSolution
		HideSolutionNode = FALSE
	EndGlobalSection
	GlobalSection(ExtensibilityGlobals) = postSolution
		SolutionGuid = {B45D9FC4-A0FF-4F1F-B184-7D62624EDF3B}
	EndGlobalSection
EndGlobal
