
Microsoft Visual Studio Solution File, Format Version 12.00
# Visual Studio Version 17
VisualStudioVersion = 17.7.34031.279
MinimumVisualStudioVersion = 10.0.40219.1
Project("{8BC9CEB8-8B4A-11D0-8D11-00A0C91BC942}") = "string类，转化", "string类，转化\string类，转化.vcxproj", "{42D257A0-EB6D-40E0-B2BD-E9E656ACE43E}"
EndProject
Global
	GlobalSection(SolutionConfigurationPlatforms) = preSolution
		Debug|x64 = Debug|x64
		Debug|x86 = Debug|x86
		Release|x64 = Release|x64
		Release|x86 = Release|x86
	EndGlobalSection
	GlobalSection(ProjectConfigurationPlatforms) = postSolution
		{42D257A0-EB6D-40E0-B2BD-E9E656ACE43E}.Debug|x64.ActiveCfg = Debug|x64
		{42D257A0-EB6D-40E0-B2BD-E9E656ACE43E}.Debug|x64.Build.0 = Debug|x64
		{42D257A0-EB6D-40E0-B2BD-E9E656ACE43E}.Debug|x86.ActiveCfg = Debug|Win32
		{42D257A0-EB6D-40E0-B2BD-E9E656ACE43E}.Debug|x86.Build.0 = Debug|Win32
		{42D257A0-EB6D-40E0-B2BD-E9E656ACE43E}.Release|x64.ActiveCfg = Release|x64
		{42D257A0-EB6D-40E0-B2BD-E9E656ACE43E}.Release|x64.Build.0 = Release|x64
		{42D257A0-EB6D-40E0-B2BD-E9E656ACE43E}.Release|x86.ActiveCfg = Release|Win32
		{42D257A0-EB6D-40E0-B2BD-E9E656ACE43E}.Release|x86.Build.0 = Release|Win32
	EndGlobalSection
	GlobalSection(SolutionProperties) = preSolution
		HideSolutionNode = FALSE
	EndGlobalSection
	GlobalSection(ExtensibilityGlobals) = postSolution
		SolutionGuid = {7F947F54-BE2E-4C74-BC27-503F46890D9A}
	EndGlobalSection
EndGlobal
